
Microsoft Visual Studio Solution File, Format Version 12.00
# Visual Studio Version 17
VisualStudioVersion = 17.0.31903.59
MinimumVisualStudioVersion = 10.0.40219.1
Project("{2150E333-8FDC-42A3-9474-1A3956D46DE8}") = "src", "src", "{827E0CD3-B72D-47B6-A68D-7590B98EB39B}"
EndProject
Project("{FAE04EC0-301F-11D3-BF4B-00C04F79EFBC}") = "CommandHub.Application", "src\CommandHub.Application\CommandHub.Application.csproj", "{35AA6713-B23B-44CE-8FFA-BB2679F294C6}"
EndProject
Project("{FAE04EC0-301F-11D3-BF4B-00C04F79EFBC}") = "CommandHub.Domain", "src\CommandHub.Domain\CommandHub.Domain.csproj", "{F54D759C-BDFD-41E7-B91D-ADB98BAC91A0}"
EndProject
Project("{FAE04EC0-301F-11D3-BF4B-00C04F79EFBC}") = "CommandHub.Infrastructure", "src\CommandHub.Infrastructure\CommandHub.Infrastructure.csproj", "{8A4E0A9C-7C03-4BD4-AF5D-0084B6B513CB}"
EndProject
Project("{FAE04EC0-301F-11D3-BF4B-00C04F79EFBC}") = "CommandHub.Web", "src\CommandHub.Web\CommandHub.Web.csproj", "{593E76F8-F7BA-45AC-BDAE-DA179AE778D4}"
EndProject
Project("{2150E333-8FDC-42A3-9474-1A3956D46DE8}") = "tests", "tests", "{0AB3BF05-4346-4AA6-1389-037BE0695223}"
EndProject
Project("{FAE04EC0-301F-11D3-BF4B-00C04F79EFBC}") = "CommandHub.Application.Tests", "tests\CommandHub.Application.Tests\CommandHub.Application.Tests.csproj", "{515BB7EA-B99F-4F64-952A-9D6932B531AF}"
EndProject
Project("{FAE04EC0-301F-11D3-BF4B-00C04F79EFBC}") = "CommandHub.Domain.Tests", "tests\CommandHub.Domain.Tests\CommandHub.Domain.Tests.csproj", "{34EDB43A-FD74-48C7-8D14-39B22272A757}"
EndProject
Project("{FAE04EC0-301F-11D3-BF4B-00C04F79EFBC}") = "CommandHub.Infrastructure.Tests", "tests\CommandHub.Infrastructure.Tests\CommandHub.Infrastructure.Tests.csproj", "{5C23C087-9E10-4B31-891C-6913DA88EE05}"
EndProject
Project("{FAE04EC0-301F-11D3-BF4B-00C04F79EFBC}") = "CommandHub.SshFixture", "tests\CommandHub.SshFixture\CommandHub.SshFixture.csproj", "{10A96BB2-99CC-42F6-8001-10FB2028F865}"
EndProject
Project("{FAE04EC0-301F-11D3-BF4B-00C04F79EFBC}") = "CommandHub.Web.Tests", "tests\CommandHub.Web.Tests\CommandHub.Web.Tests.csproj", "{6C38D44C-6548-4276-A8E4-4D83A3C1C56F}"
EndProject
Global
	GlobalSection(SolutionConfigurationPlatforms) = preSolution
		Debug|Any CPU = Debug|Any CPU
		Debug|x64 = Debug|x64
		Debug|x86 = Debug|x86
		Release|Any CPU = Release|Any CPU
		Release|x64 = Release|x64
		Release|x86 = Release|x86
	EndGlobalSection
	GlobalSection(ProjectConfigurationPlatforms) = postSolution
		{35AA6713-B23B-44CE-8FFA-BB2679F294C6}.Debug|Any CPU.ActiveCfg = Debug|Any CPU
		{35AA6713-B23B-44CE-8FFA-BB2679F294C6}.Debug|Any CPU.Build.0 = Debug|Any CPU
		{35AA6713-B23B-44CE-8FFA-BB2679F294C6}.Debug|x64.ActiveCfg = Debug|Any CPU
		{35AA6713-B23B-44CE-8FFA-BB2679F294C6}.Debug|x64.Build.0 = Debug|Any CPU
		{35AA6713-B23B-44CE-8FFA-BB2679F294C6}.Debug|x86.ActiveCfg = Debug|Any CPU
		{35AA6713-B23B-44CE-8FFA-BB2679F294C6}.Debug|x86.Build.0 = Debug|Any CPU
		{35AA6713-B23B-44CE-8FFA-BB2679F294C6}.Release|Any CPU.ActiveCfg = Release|Any CPU
		{35AA6713-B23B-44CE-8FFA-BB2679F294C6}.Release|Any CPU.Build.0 = Release|Any CPU
		{35AA6713-B23B-44CE-8FFA-BB2679F294C6}.Release|x64.ActiveCfg = Release|Any CPU
		{35AA6713-B23B-44CE-8FFA-BB2679F294C6}.Release|x64.Build.0 = Release|Any CPU
		{35AA6713-B23B-44CE-8FFA-BB2679F294C6}.Release|x86.ActiveCfg = Release|Any CPU
		{35AA6713-B23B-44CE-8FFA-BB2679F294C6}.Release|x86.Build.0 = Release|Any CPU
		{F54D759C-BDFD-41E7-B91D-ADB98BAC91A0}.Debug|Any CPU.ActiveCfg = Debug|Any CPU
		{F54D759C-BDFD-41E7-B91D-ADB98BAC91A0}.Debug|Any CPU.Build.0 = Debug|Any CPU
		{F54D759C-BDFD-41E7-B91D-ADB98BAC91A0}.Debug|x64.ActiveCfg = Debug|Any CPU
		{F54D759C-BDFD-41E7-B91D-ADB98BAC91A0}.Debug|x64.Build.0 = Debug|Any CPU
		{F54D759C-BDFD-41E7-B91D-ADB98BAC91A0}.Debug|x86.ActiveCfg = Debug|Any CPU
		{F54D759C-BDFD-41E7-B91D-ADB98BAC91A0}.Debug|x86.Build.0 = Debug|Any CPU
		{F54D759C-BDFD-41E7-B91D-ADB98BAC91A0}.Release|Any CPU.ActiveCfg = Release|Any CPU
		{F54D759C-BDFD-41E7-B91D-ADB98BAC91A0}.Release|Any CPU.Build.0 = Release|Any CPU
		{F54D759C-BDFD-41E7-B91D-ADB98BAC91A0}.Release|x64.ActiveCfg = Release|Any CPU
		{F54D759C-BDFD-41E7-B91D-ADB98BAC91A0}.Release|x64.Build.0 = Release|Any CPU
		{F54D759C-BDFD-41E7-B91D-ADB98BAC91A0}.Release|x86.ActiveCfg = Release|Any CPU
		{F54D759C-BDFD-41E7-B91D-ADB98BAC91A0}.Release|x86.Build.0 = Release|Any CPU
		{8A4E0A9C-7C03-4BD4-AF5D-0084B6B513CB}.Debug|Any CPU.ActiveCfg = Debug|Any CPU
		{8A4E0A9C-7C03-4BD4-AF5D-0084B6B513CB}.Debug|Any CPU.Build.0 = Debug|Any CPU
		{8A4E0A9C-7C03-4BD4-AF5D-0084B6B513CB}.Debug|x64.ActiveCfg = Debug|Any CPU
		{8A4E0A9C-7C03-4BD4-AF5D-0084B6B513CB}.Debug|x64.Build.0 = Debug|Any CPU
		{8A4E0A9C-7C03-4BD4-AF5D-0084B6B513CB}.Debug|x86.ActiveCfg = Debug|Any CPU
		{8A4E0A9C-7C03-4BD4-AF5D-0084B6B513CB}.Debug|x86.Build.0 = Debug|Any CPU
		{8A4E0A9C-7C03-4BD4-AF5D-0084B6B513CB}.Release|Any CPU.ActiveCfg = Release|Any CPU
		{8A4E0A9C-7C03-4BD4-AF5D-0084B6B513CB}.Release|Any CPU.Build.0 = Release|Any CPU
		{8A4E0A9C-7C03-4BD4-AF5D-0084B6B513CB}.Release|x64.ActiveCfg = Release|Any CPU
		{8A4E0A9C-7C03-4BD4-AF5D-0084B6B513CB}.Release|x64.Build.0 = Release|Any CPU
		{8A4E0A9C-7C03-4BD4-AF5D-0084B6B513CB}.Release|x86.ActiveCfg = Release|Any CPU
		{8A4E0A9C-7C03-4BD4-AF5D-0084B6B513CB}.Release|x86.Build.0 = Release|Any CPU
		{593E76F8-F7BA-45AC-BDAE-DA179AE778D4}.Debug|Any CPU.ActiveCfg = Debug|Any CPU
		{593E76F8-F7BA-45AC-BDAE-DA179AE778D4}.Debug|Any CPU.Build.0 = Debug|Any CPU
		{593E76F8-F7BA-45AC-BDAE-DA179AE778D4}.Debug|x64.ActiveCfg = Debug|Any CPU
		{593E76F8-F7BA-45AC-BDAE-DA179AE778D4}.Debug|x64.Build.0 = Debug|Any CPU
		{593E76F8-F7BA-45AC-BDAE-DA179AE778D4}.Debug|x86.ActiveCfg = Debug|Any CPU
		{593E76F8-F7BA-45AC-BDAE-DA179AE778D4}.Debug|x86.Build.0 = Debug|Any CPU
		{593E76F8-F7BA-45AC-BDAE-DA179AE778D4}.Release|Any CPU.ActiveCfg = Release|Any CPU
		{593E76F8-F7BA-45AC-BDAE-DA179AE778D4}.Release|Any CPU.Build.0 = Release|Any CPU
		{593E76F8-F7BA-45AC-BDAE-DA179AE778D4}.Release|x64.ActiveCfg = Release|Any CPU
		{593E76F8-F7BA-45AC-BDAE-DA179AE778D4}.Release|x64.Build.0 = Release|Any CPU
		{593E76F8-F7BA-45AC-BDAE-DA179AE778D4}.Release|x86.ActiveCfg = Release|Any CPU
		{593E76F8-F7BA-45AC-BDAE-DA179AE778D4}.Release|x86.Build.0 = Release|Any CPU
		{515BB7EA-B99F-4F64-952A-9D6932B531AF}.Debug|Any CPU.ActiveCfg = Debug|Any CPU
		{515BB7EA-B99F-4F64-952A-9D6932B531AF}.Debug|Any CPU.Build.0 = Debug|Any CPU
		{515BB7EA-B99F-4F64-952A-9D6932B531AF}.Debug|x64.ActiveCfg = Debug|Any CPU
		{515BB7EA-B99F-4F64-952A-9D6932B531AF}.Debug|x64.Build.0 = Debug|Any CPU
		{515BB7EA-B99F-4F64-952A-9D6932B531AF}.Debug|x86.ActiveCfg = Debug|Any CPU
		{515BB7EA-B99F-4F64-952A-9D6932B531AF}.Debug|x86.Build.0 = Debug|Any CPU
		{515BB7EA-B99F-4F64-952A-9D6932B531AF}.Release|Any CPU.ActiveCfg = Release|Any CPU
		{515BB7EA-B99F-4F64-952A-9D6932B531AF}.Release|Any CPU.Build.0 = Release|Any CPU
		{515BB7EA-B99F-4F64-952A-9D6932B531AF}.Release|x64.ActiveCfg = Release|Any CPU
		{515BB7EA-B99F-4F64-952A-9D6932B531AF}.Release|x64.Build.0 = Release|Any CPU
		{515BB7EA-B99F-4F64-952A-9D6932B531AF}.Release|x86.ActiveCfg = Release|Any CPU
		{515BB7EA-B99F-4F64-952A-9D6932B531AF}.Release|x86.Build.0 = Release|Any CPU
		{34EDB43A-FD74-48C7-8D14-39B22272A757}.Debug|Any CPU.ActiveCfg = Debug|Any CPU
		{34EDB43A-FD74-48C7-8D14-39B22272A757}.Debug|Any CPU.Build.0 = Debug|Any CPU
		{34EDB43A-FD74-48C7-8D14-39B22272A757}.Debug|x64.ActiveCfg = Debug|Any CPU
		{34EDB43A-FD74-48C7-8D14-39B22272A757}.Debug|x64.Build.0 = Debug|Any CPU
		{34EDB43A-FD74-48C7-8D14-39B22272A757}.Debug|x86.ActiveCfg = Debug|Any CPU
		{34EDB43A-FD74-48C7-8D14-39B22272A757}.Debug|x86.Build.0 = Debug|Any CPU
		{34EDB43A-FD74-48C7-8D14-39B22272A757}.Release|Any CPU.ActiveCfg = Release|Any CPU
		{34EDB43A-FD74-48C7-8D14-39B22272A757}.Release|Any CPU.Build.0 = Release|Any CPU
		{34EDB43A-FD74-48C7-8D14-39B22272A757}.Release|x64.ActiveCfg = Release|Any CPU
		{34EDB43A-FD74-48C7-8D14-39B22272A757}.Release|x64.Build.0 = Release|Any CPU
		{34EDB43A-FD74-48C7-8D14-39B22272A757}.Release|x86.ActiveCfg = Release|Any CPU
		{34EDB43A-FD74-48C7-8D14-39B22272A757}.Release|x86.Build.0 = Release|Any CPU
		{5C23C087-9E10-4B31-891C-6913DA88EE05}.Debug|Any CPU.ActiveCfg = Debug|Any CPU
		{5C23C087-9E10-4B31-891C-6913DA88EE05}.Debug|Any CPU.Build.0 = Debug|Any CPU
		{5C23C087-9E10-4B31-891C-6913DA88EE05}.Debug|x64.ActiveCfg = Debug|Any CPU
		{5C23C087-9E10-4B31-891C-6913DA88EE05}.Debug|x64.Build.0 = Debug|Any CPU
		{5C23C087-9E10-4B31-891C-6913DA88EE05}.Debug|x86.ActiveCfg = Debug|Any CPU
		{5C23C087-9E10-4B31-891C-6913DA88EE05}.Debug|x86.Build.0 = Debug|Any CPU
		{5C23C087-9E10-4B31-891C-6913DA88EE05}.Release|Any CPU.ActiveCfg = Release|Any CPU
		{5C23C087-9E10-4B31-891C-6913DA88EE05}.Release|Any CPU.Build.0 = Release|Any CPU
		{5C23C087-9E10-4B31-891C-6913DA88EE05}.Release|x64.ActiveCfg = Release|Any CPU
		{5C23C087-9E10-4B31-891C-6913DA88EE05}.Release|x64.Build.0 = Release|Any CPU
		{5C23C087-9E10-4B31-891C-6913DA88EE05}.Release|x86.ActiveCfg = Release|Any CPU
		{5C23C087-9E10-4B31-891C-6913DA88EE05}.Release|x86.Build.0 = Release|Any CPU
		{10A96BB2-99CC-42F6-8001-10FB2028F865}.Debug|Any CPU.ActiveCfg = Debug|Any CPU
		{10A96BB2-99CC-42F6-8001-10FB2028F865}.Debug|Any CPU.Build.0 = Debug|Any CPU
		{10A96BB2-99CC-42F6-8001-10FB2028F865}.Debug|x64.ActiveCfg = Debug|Any CPU
		{10A96BB2-99CC-42F6-8001-10FB2028F865}.Debug|x64.Build.0 = Debug|Any CPU
		{10A96BB2-99CC-42F6-8001-10FB2028F865}.Debug|x86.ActiveCfg = Debug|Any CPU
		{10A96BB2-99CC-42F6-8001-10FB2028F865}.Debug|x86.Build.0 = Debug|Any CPU
		{10A96BB2-99CC-42F6-8001-10FB2028F865}.Release|Any CPU.ActiveCfg = Release|Any CPU
		{10A96BB2-99CC-42F6-8001-10FB2028F865}.Release|Any CPU.Build.0 = Release|Any CPU
		{10A96BB2-99CC-42F6-8001-10FB2028F865}.Release|x64.ActiveCfg = Release|Any CPU
		{10A96BB2-99CC-42F6-8001-10FB2028F865}.Release|x64.Build.0 = Release|Any CPU
		{10A96BB2-99CC-42F6-8001-10FB2028F865}.Release|x86.ActiveCfg = Release|Any CPU
		{10A96BB2-99CC-42F6-8001-10FB2028F865}.Release|x86.Build.0 = Release|Any CPU
		{6C38D44C-6548-4276-A8E4-4D83A3C1C56F}.Debug|Any CPU.ActiveCfg = Debug|Any CPU
		{6C38D44C-6548-4276-A8E4-4D83A3C1C56F}.Debug|Any CPU.Build.0 = Debug|Any CPU
		{6C38D44C-6548-4276-A8E4-4D83A3C1C56F}.Debug|x64.ActiveCfg = Debug|Any CPU
		{6C38D44C-6548-4276-A8E4-4D83A3C1C56F}.Debug|x64.Build.0 = Debug|Any CPU
		{6C38D44C-6548-4276-A8E4-4D83A3C1C56F}.Debug|x86.ActiveCfg = Debug|Any CPU
		{6C38D44C-6548-4276-A8E4-4D83A3C1C56F}.Debug|x86.Build.0 = Debug|Any CPU
		{6C38D44C-6548-4276-A8E4-4D83A3C1C56F}.Release|Any CPU.ActiveCfg = Release|Any CPU
		{6C38D44C-6548-4276-A8E4-4D83A3C1C56F}.Release|Any CPU.Build.0 = Release|Any CPU
		{6C38D44C-6548-4276-A8E4-4D83A3C1C56F}.Release|x64.ActiveCfg = Release|Any CPU
		{6C38D44C-6548-4276-A8E4-4D83A3C1C56F}.Release|x64.Build.0 = Release|Any CPU
		{6C38D44C-6548-4276-A8E4-4D83A3C1C56F}.Release|x86.ActiveCfg = Release|Any CPU
		{6C38D44C-6548-4276-A8E4-4D83A3C1C56F}.Release|x86.Build.0 = Release|Any CPU
	EndGlobalSection
	GlobalSection(SolutionProperties) = preSolution
		HideSolutionNode = FALSE
	EndGlobalSection
	GlobalSection(NestedProjects) = preSolution
		{35AA6713-B23B-44CE-8FFA-BB2679F294C6} = {827E0CD3-B72D-47B6-A68D-7590B98EB39B}
		{F54D759C-BDFD-41E7-B91D-ADB98BAC91A0} = {827E0CD3-B72D-47B6-A68D-7590B98EB39B}
		{8A4E0A9C-7C03-4BD4-AF5D-0084B6B513CB} = {827E0CD3-B72D-47B6-A68D-7590B98EB39B}
		{593E76F8-F7BA-45AC-BDAE-DA179AE778D4} = {827E0CD3-B72D-47B6-A68D-7590B98EB39B}
		{515BB7EA-B99F-4F64-952A-9D6932B531AF} = {0AB3BF05-4346-4AA6-1389-037BE0695223}
		{34EDB43A-FD74-48C7-8D14-39B22272A757} = {0AB3BF05-4346-4AA6-1389-037BE0695223}
		{5C23C087-9E10-4B31-891C-6913DA88EE05} = {0AB3BF05-4346-4AA6-1389-037BE0695223}
		{10A96BB2-99CC-42F6-8001-10FB2028F865} = {0AB3BF05-4346-4AA6-1389-037BE0695223}
		{6C38D44C-6548-4276-A8E4-4D83A3C1C56F} = {0AB3BF05-4346-4AA6-1389-037BE0695223}
	EndGlobalSection
EndGlobal
